
Microsoft Visual Studio Solution File, Format Version 12.00
# Visual Studio 2012
Project("{FAE04EC0-301F-11D3-BF4B-00C04F79EFBC}") = "LifeInsuranceApp", "LifeInsuranceApp\LifeInsuranceApp.csproj", "{569061C7-A5BE-434D-9661-3D608CB9B2B8}"
EndProject
Project("{FAE04EC0-301F-11D3-BF4B-00C04F79EFBC}") = "InsureAppLibrary", "InsureAppLibrary\InsureAppLibrary.csproj", "{0BEE689E-35B4-41AA-B476-055E12077ECD}"
EndProject
Global
	GlobalSection(SolutionConfigurationPlatforms) = preSolution
		Debug|Any CPU = Debug|Any CPU
		Release|Any CPU = Release|Any CPU
	EndGlobalSection
	GlobalSection(ProjectConfigurationPlatforms) = postSolution
		{569061C7-A5BE-434D-9661-3D608CB9B2B8}.Debug|Any CPU.ActiveCfg = Debug|Any CPU
		{569061C7-A5BE-434D-9661-3D608CB9B2B8}.Debug|Any CPU.Build.0 = Debug|Any CPU
		{569061C7-A5BE-434D-9661-3D608CB9B2B8}.Release|Any CPU.ActiveCfg = Release|Any CPU
		{569061C7-A5BE-434D-9661-3D608CB9B2B8}.Release|Any CPU.Build.0 = Release|Any CPU
		{0BEE689E-35B4-41AA-B476-055E12077ECD}.Debug|Any CPU.ActiveCfg = Debug|Any CPU
		{0BEE689E-35B4-41AA-B476-055E12077ECD}.Debug|Any CPU.Build.0 = Debug|Any CPU
		{0BEE689E-35B4-41AA-B476-055E12077ECD}.Release|Any CPU.ActiveCfg = Release|Any CPU
		{0BEE689E-35B4-41AA-B476-055E12077ECD}.Release|Any CPU.Build.0 = Release|Any CPU
	EndGlobalSection
	GlobalSection(SolutionProperties) = preSolution
		HideSolutionNode = FALSE
	EndGlobalSection
EndGlobal
